
Microsoft Visual Studio Solution File, Format Version 12.00
# Visual Studio Version 17
VisualStudioVersion = 17.14.36414.22
MinimumVisualStudioVersion = 10.0.40219.1
Project("{FAE04EC0-301F-11D3-BF4B-00C04F79EFBC}") = "DSGTool", "DSGTool\DSGTool.csproj", "{9A32155B-A025-48E3-A7C6-664600DDB320}"
EndProject
Project("{FAE04EC0-301F-11D3-BF4B-00C04F79EFBC}") = "DSGClient", "DSGClient\DSGClient.csproj", "{7B46E870-B6C3-417D-B046-4B065E944AAF}"
EndProject
Global
	GlobalSection(SolutionConfigurationPlatforms) = preSolution
		Debug|Any CPU = Debug|Any CPU
		Release|Any CPU = Release|Any CPU
	EndGlobalSection
	GlobalSection(ProjectConfigurationPlatforms) = postSolution
		{9A32155B-A025-48E3-A7C6-664600DDB320}.Debug|Any CPU.ActiveCfg = Debug|Any CPU
		{9A32155B-A025-48E3-A7C6-664600DDB320}.Debug|Any CPU.Build.0 = Debug|Any CPU
		{9A32155B-A025-48E3-A7C6-664600DDB320}.Release|Any CPU.ActiveCfg = Release|Any CPU
		{9A32155B-A025-48E3-A7C6-664600DDB320}.Release|Any CPU.Build.0 = Release|Any CPU
		{7B46E870-B6C3-417D-B046-4B065E944AAF}.Debug|Any CPU.ActiveCfg = Debug|Any CPU
		{7B46E870-B6C3-417D-B046-4B065E944AAF}.Debug|Any CPU.Build.0 = Debug|Any CPU
		{7B46E870-B6C3-417D-B046-4B065E944AAF}.Release|Any CPU.ActiveCfg = Release|Any CPU
		{7B46E870-B6C3-417D-B046-4B065E944AAF}.Release|Any CPU.Build.0 = Release|Any CPU
	EndGlobalSection
	GlobalSection(SolutionProperties) = preSolution
		HideSolutionNode = FALSE
	EndGlobalSection
	GlobalSection(ExtensibilityGlobals) = postSolution
		SolutionGuid = {E3CE456F-27F2-43EC-A2BF-EAD16A4EA35B}
	EndGlobalSection
EndGlobal
